{
  "version": 4,
  "terraform_version": "1.10.5",
  "serial": 18,
  "lineage": "f3474f00-1585-08eb-6729-1d60dba88c4a",
  "outputs": {},
  "resources": [
    {
      "mode": "managed",
      "type": "aws_vpc",
      "name": "Aadarsh",
      "provider": "provider[\"registry.terraform.io/hashicorp/aws\"]",
      "instances": [
        {
          "schema_version": 1,
          "attributes": {
            "arn": "arn:aws:ec2:us-east-1:762233747946:vpc/vpc-06429b2b5467a9a03",
            "assign_generated_ipv6_cidr_block": false,
            "cidr_block": "192.168.10.0/24",
            "default_network_acl_id": "acl-06a9f32955f6360b2",
            "default_route_table_id": "rtb-0ce86f2c9e630a00f",
            "default_security_group_id": "sg-0ecb0b20f93ee4b77",
            "dhcp_options_id": "dopt-0c40cf7687ef4a71b",
            "enable_dns_hostnames": false,
            "enable_dns_support": true,
            "enable_network_address_usage_metrics": false,
            "id": "vpc-06429b2b5467a9a03",
            "instance_tenancy": "default",
            "ipv4_ipam_pool_id": null,
            "ipv4_netmask_length": null,
            "ipv6_association_id": "",
            "ipv6_cidr_block": "",
            "ipv6_cidr_block_network_border_group": "",
            "ipv6_ipam_pool_id": "",
            "ipv6_netmask_length": 0,
            "main_route_table_id": "rtb-0ce86f2c9e630a00f",
            "owner_id": "762233747946",
            "tags": null,
            "tags_all": {
              "Name": "Prod"
            }
          },
          "sensitive_attributes": [],
          "private": "eyJzY2hlbWFfdmVyc2lvbiI6IjEifQ=="
        }
      ]
    },
    {
      "mode": "managed",
      "type": "aws_vpc",
      "name": "Ritika",
      "provider": "provider[\"registry.terraform.io/hashicorp/aws\"].my-dr",
      "instances": [
        {
          "schema_version": 1,
          "attributes": {
            "arn": "arn:aws:ec2:us-east-2:762233747946:vpc/vpc-0d26b202de0df464e",
            "assign_generated_ipv6_cidr_block": false,
            "cidr_block": "192.168.10.0/24",
            "default_network_acl_id": "acl-0c1a54064448c48b3",
            "default_route_table_id": "rtb-0ff5053c887e19cfe",
            "default_security_group_id": "sg-091a7c4c2dd066fef",
            "dhcp_options_id": "dopt-01a16e4cee9d87791",
            "enable_dns_hostnames": false,
            "enable_dns_support": true,
            "enable_network_address_usage_metrics": false,
            "id": "vpc-0d26b202de0df464e",
            "instance_tenancy": "default",
            "ipv4_ipam_pool_id": null,
            "ipv4_netmask_length": null,
            "ipv6_association_id": "",
            "ipv6_cidr_block": "",
            "ipv6_cidr_block_network_border_group": "",
            "ipv6_ipam_pool_id": "",
            "ipv6_netmask_length": 0,
            "main_route_table_id": "rtb-0ff5053c887e19cfe",
            "owner_id": "762233747946",
            "tags": null,
            "tags_all": {
              "Name": "DR"
            }
          },
          "sensitive_attributes": [],
          "private": "eyJzY2hlbWFfdmVyc2lvbiI6IjEifQ=="
        }
      ]
    }
  ],
  "check_results": null
}
